// !$*UTF8*$!
{
	archiveVersion = 1;
	classes = {
	};
	objectVersion = 50;
	objects = {

/* Begin PBXBuildFile section */
		8C7346DC25BF05EE00878737 /* Constants.swift in Sources */ = {isa = PBXBuildFile; fileRef = 8C7346DB25BF05EE00878737 /* Constants.swift */; };
		8C7346DF25BF09F400878737 /* GenresCollectionViewCell.swift in Sources */ = {isa = PBXBuildFile; fileRef = 8C7346DE25BF09F400878737 /* GenresCollectionViewCell.swift */; };
		8C7346E425BF555400878737 /* Network.swift in Sources */ = {isa = PBXBuildFile; fileRef = 8C7346E325BF555400878737 /* Network.swift */; };
		8C7346E725BF556D00878737 /* Request.swift in Sources */ = {isa = PBXBuildFile; fileRef = 8C7346E625BF556D00878737 /* Request.swift */; };
		8C7346EA25BF558B00878737 /* Response.swift in Sources */ = {isa = PBXBuildFile; fileRef = 8C7346E925BF558B00878737 /* Response.swift */; };
		8C7346ED25BF55AC00878737 /* Remote.swift in Sources */ = {isa = PBXBuildFile; fileRef = 8C7346EC25BF55AC00878737 /* Remote.swift */; };
		8C7346F125BF568000878737 /* GetGenresRequest.swift in Sources */ = {isa = PBXBuildFile; fileRef = 8C7346F025BF568000878737 /* GetGenresRequest.swift */; };
		8C7346F725BF593000878737 /* GetGenresService.swift in Sources */ = {isa = PBXBuildFile; fileRef = 8C7346F625BF593000878737 /* GetGenresService.swift */; };
		8C7346FC25BFCAC700878737 /* GetMoviesRequest.swift in Sources */ = {isa = PBXBuildFile; fileRef = 8C7346FB25BFCAC700878737 /* GetMoviesRequest.swift */; };
		8C73470025BFCDB600878737 /* GetMoviesService.swift in Sources */ = {isa = PBXBuildFile; fileRef = 8C7346FF25BFCDB600878737 /* GetMoviesService.swift */; };
		8C73470325BFCE3F00878737 /* MoviesSearchResponse.swift in Sources */ = {isa = PBXBuildFile; fileRef = 8C73470225BFCE3F00878737 /* MoviesSearchResponse.swift */; };
		8C73470625C0BC5900878737 /* MovieListViewController.swift in Sources */ = {isa = PBXBuildFile; fileRef = 8C73470525C0BC5900878737 /* MovieListViewController.swift */; };
		8C73470D25C0C6A400878737 /* MovieListTableViewCell.swift in Sources */ = {isa = PBXBuildFile; fileRef = 8C73470C25C0C6A400878737 /* MovieListTableViewCell.swift */; };
		8C796EAB278E56BF00E7E372 /* WidgetCommunication.swift in Sources */ = {isa = PBXBuildFile; fileRef = 8C796EAA278E56BF00E7E372 /* WidgetCommunication.swift */; };
		8C796EAC278E56BF00E7E372 /* WidgetCommunication.swift in Sources */ = {isa = PBXBuildFile; fileRef = 8C796EAA278E56BF00E7E372 /* WidgetCommunication.swift */; };
		8C831C1325BE4B6400C591BB /* ViewCode.swift in Sources */ = {isa = PBXBuildFile; fileRef = 8C831C1225BE4B6400C591BB /* ViewCode.swift */; };
		8C831C1725BE5BB400C591BB /* UIHelpers.swift in Sources */ = {isa = PBXBuildFile; fileRef = 8C831C1625BE5BB400C591BB /* UIHelpers.swift */; };
		8CC31279278E4E5E00D88BC2 /* MoviesModel.xcdatamodeld in Sources */ = {isa = PBXBuildFile; fileRef = 8CC31277278E4E5E00D88BC2 /* MoviesModel.xcdatamodeld */; };
		8CC3127A278E4E5E00D88BC2 /* MoviesModel.xcdatamodeld in Sources */ = {isa = PBXBuildFile; fileRef = 8CC31277278E4E5E00D88BC2 /* MoviesModel.xcdatamodeld */; };
		8CCDD27625BC9DEB00B111B5 /* AppDelegate.swift in Sources */ = {isa = PBXBuildFile; fileRef = 8CCDD27525BC9DEB00B111B5 /* AppDelegate.swift */; };
		8CCDD27A25BC9DEB00B111B5 /* SearchViewController.swift in Sources */ = {isa = PBXBuildFile; fileRef = 8CCDD27925BC9DEB00B111B5 /* SearchViewController.swift */; };
		8CCDD27F25BC9DED00B111B5 /* Assets.xcassets in Resources */ = {isa = PBXBuildFile; fileRef = 8CCDD27E25BC9DED00B111B5 /* Assets.xcassets */; };
		8CCDD28225BC9DED00B111B5 /* LaunchScreen.storyboard in Resources */ = {isa = PBXBuildFile; fileRef = 8CCDD28025BC9DED00B111B5 /* LaunchScreen.storyboard */; };
		8CDFBF71264372AF0073AA77 /* WidgetKit.framework in Frameworks */ = {isa = PBXBuildFile; fileRef = 8CDFBF70264372AF0073AA77 /* WidgetKit.framework */; };
		8CDFBF73264372AF0073AA77 /* SwiftUI.framework in Frameworks */ = {isa = PBXBuildFile; fileRef = 8CDFBF72264372AF0073AA77 /* SwiftUI.framework */; };
		8CDFBF76264372AF0073AA77 /* MoviesWidget.swift in Sources */ = {isa = PBXBuildFile; fileRef = 8CDFBF75264372AF0073AA77 /* MoviesWidget.swift */; };
		8CDFBF79264372AF0073AA77 /* Assets.xcassets in Resources */ = {isa = PBXBuildFile; fileRef = 8CDFBF78264372AF0073AA77 /* Assets.xcassets */; };
		8CDFBF7B264372AF0073AA77 /* MoviesWidget.intentdefinition in Sources */ = {isa = PBXBuildFile; fileRef = 8CDFBF77264372AF0073AA77 /* MoviesWidget.intentdefinition */; };
		8CDFBF7C264372AF0073AA77 /* MoviesWidget.intentdefinition in Sources */ = {isa = PBXBuildFile; fileRef = 8CDFBF77264372AF0073AA77 /* MoviesWidget.intentdefinition */; };
		8CDFBF7F264372AF0073AA77 /* MoviesWidgetExtension.appex in Embed App Extensions */ = {isa = PBXBuildFile; fileRef = 8CDFBF6E264372AF0073AA77 /* MoviesWidgetExtension.appex */; settings = {ATTRIBUTES = (RemoveHeadersOnCopy, ); }; };
		8CEE4B1126004337005716DC /* DataPersistence.swift in Sources */ = {isa = PBXBuildFile; fileRef = 8CEE4B1026004337005716DC /* DataPersistence.swift */; };
/* End PBXBuildFile section */

/* Begin PBXContainerItemProxy section */
		8CDFBF7D264372AF0073AA77 /* PBXContainerItemProxy */ = {
			isa = PBXContainerItemProxy;
			containerPortal = 8CCDD26A25BC9DEB00B111B5 /* Project object */;
			proxyType = 1;
			remoteGlobalIDString = 8CDFBF6D264372AF0073AA77;
			remoteInfo = MoviesWidgetExtension;
		};
/* End PBXContainerItemProxy section */

/* Begin PBXCopyFilesBuildPhase section */
		8CDFBF80264372AF0073AA77 /* Embed App Extensions */ = {
			isa = PBXCopyFilesBuildPhase;
			buildActionMask = 2147483647;
			dstPath = "";
			dstSubfolderSpec = 13;
			files = (
				8CDFBF7F264372AF0073AA77 /* MoviesWidgetExtension.appex in Embed App Extensions */,
			);
			name = "Embed App Extensions";
			runOnlyForDeploymentPostprocessing = 0;
		};
/* End PBXCopyFilesBuildPhase section */

/* Begin PBXFileReference section */
		8C6F556625F857DF00ED970B /* Info.plist */ = {isa = PBXFileReference; fileEncoding = 4; lastKnownFileType = text.plist.xml; path = Info.plist; sourceTree = "<group>"; };
		8C7346DB25BF05EE00878737 /* Constants.swift */ = {isa = PBXFileReference; lastKnownFileType = sourcecode.swift; path = Constants.swift; sourceTree = "<group>"; };
		8C7346DE25BF09F400878737 /* GenresCollectionViewCell.swift */ = {isa = PBXFileReference; lastKnownFileType = sourcecode.swift; path = GenresCollectionViewCell.swift; sourceTree = "<group>"; };
		8C7346E325BF555400878737 /* Network.swift */ = {isa = PBXFileReference; lastKnownFileType = sourcecode.swift; path = Network.swift; sourceTree = "<group>"; };
		8C7346E625BF556D00878737 /* Request.swift */ = {isa = PBXFileReference; lastKnownFileType = sourcecode.swift; path = Request.swift; sourceTree = "<group>"; };
		8C7346E925BF558B00878737 /* Response.swift */ = {isa = PBXFileReference; lastKnownFileType = sourcecode.swift; path = Response.swift; sourceTree = "<group>"; };
		8C7346EC25BF55AC00878737 /* Remote.swift */ = {isa = PBXFileReference; lastKnownFileType = sourcecode.swift; path = Remote.swift; sourceTree = "<group>"; };
		8C7346F025BF568000878737 /* GetGenresRequest.swift */ = {isa = PBXFileReference; lastKnownFileType = sourcecode.swift; path = GetGenresRequest.swift; sourceTree = "<group>"; };
		8C7346F625BF593000878737 /* GetGenresService.swift */ = {isa = PBXFileReference; lastKnownFileType = sourcecode.swift; path = GetGenresService.swift; sourceTree = "<group>"; };
		8C7346FB25BFCAC700878737 /* GetMoviesRequest.swift */ = {isa = PBXFileReference; lastKnownFileType = sourcecode.swift; path = GetMoviesRequest.swift; sourceTree = "<group>"; };
		8C7346FF25BFCDB600878737 /* GetMoviesService.swift */ = {isa = PBXFileReference; lastKnownFileType = sourcecode.swift; path = GetMoviesService.swift; sourceTree = "<group>"; };
		8C73470225BFCE3F00878737 /* MoviesSearchResponse.swift */ = {isa = PBXFileReference; lastKnownFileType = sourcecode.swift; path = MoviesSearchResponse.swift; sourceTree = "<group>"; };
		8C73470525C0BC5900878737 /* MovieListViewController.swift */ = {isa = PBXFileReference; lastKnownFileType = sourcecode.swift; path = MovieListViewController.swift; sourceTree = "<group>"; };
		8C73470C25C0C6A400878737 /* MovieListTableViewCell.swift */ = {isa = PBXFileReference; lastKnownFileType = sourcecode.swift; path = MovieListTableViewCell.swift; sourceTree = "<group>"; };
		8C796EAA278E56BF00E7E372 /* WidgetCommunication.swift */ = {isa = PBXFileReference; lastKnownFileType = sourcecode.swift; path = WidgetCommunication.swift; sourceTree = "<group>"; };
		8C831C1225BE4B6400C591BB /* ViewCode.swift */ = {isa = PBXFileReference; lastKnownFileType = sourcecode.swift; path = ViewCode.swift; sourceTree = "<group>"; };
		8C831C1625BE5BB400C591BB /* UIHelpers.swift */ = {isa = PBXFileReference; lastKnownFileType = sourcecode.swift; path = UIHelpers.swift; sourceTree = "<group>"; };
		8CB6CF792786437F00058C51 /* Movies.entitlements */ = {isa = PBXFileReference; lastKnownFileType = text.plist.entitlements; path = Movies.entitlements; sourceTree = "<group>"; };
		8CB6CF7A278643FC00058C51 /* MoviesWidgetExtension.entitlements */ = {isa = PBXFileReference; lastKnownFileType = text.plist.entitlements; path = MoviesWidgetExtension.entitlements; sourceTree = "<group>"; };
		8CC31278278E4E5E00D88BC2 /* MoviesModel.xcdatamodel */ = {isa = PBXFileReference; lastKnownFileType = wrapper.xcdatamodel; path = MoviesModel.xcdatamodel; sourceTree = "<group>"; };
		8CCDD27225BC9DEB00B111B5 /* Movies.app */ = {isa = PBXFileReference; explicitFileType = wrapper.application; includeInIndex = 0; path = Movies.app; sourceTree = BUILT_PRODUCTS_DIR; };
		8CCDD27525BC9DEB00B111B5 /* AppDelegate.swift */ = {isa = PBXFileReference; lastKnownFileType = sourcecode.swift; path = AppDelegate.swift; sourceTree = "<group>"; };
		8CCDD27925BC9DEB00B111B5 /* SearchViewController.swift */ = {isa = PBXFileReference; lastKnownFileType = sourcecode.swift; path = SearchViewController.swift; sourceTree = "<group>"; };
		8CCDD27E25BC9DED00B111B5 /* Assets.xcassets */ = {isa = PBXFileReference; lastKnownFileType = folder.assetcatalog; path = Assets.xcassets; sourceTree = "<group>"; };
		8CCDD28125BC9DED00B111B5 /* Base */ = {isa = PBXFileReference; lastKnownFileType = file.storyboard; name = Base; path = Base.lproj/LaunchScreen.storyboard; sourceTree = "<group>"; };
		8CDFBF6E264372AF0073AA77 /* MoviesWidgetExtension.appex */ = {isa = PBXFileReference; explicitFileType = "wrapper.app-extension"; includeInIndex = 0; path = MoviesWidgetExtension.appex; sourceTree = BUILT_PRODUCTS_DIR; };
		8CDFBF70264372AF0073AA77 /* WidgetKit.framework */ = {isa = PBXFileReference; lastKnownFileType = wrapper.framework; name = WidgetKit.framework; path = System/Library/Frameworks/WidgetKit.framework; sourceTree = SDKROOT; };
		8CDFBF72264372AF0073AA77 /* SwiftUI.framework */ = {isa = PBXFileReference; lastKnownFileType = wrapper.framework; name = SwiftUI.framework; path = System/Library/Frameworks/SwiftUI.framework; sourceTree = SDKROOT; };
		8CDFBF75264372AF0073AA77 /* MoviesWidget.swift */ = {isa = PBXFileReference; lastKnownFileType = sourcecode.swift; path = MoviesWidget.swift; sourceTree = "<group>"; };
		8CDFBF77264372AF0073AA77 /* MoviesWidget.intentdefinition */ = {isa = PBXFileReference; lastKnownFileType = file.intentdefinition; path = MoviesWidget.intentdefinition; sourceTree = "<group>"; };
		8CDFBF78264372AF0073AA77 /* Assets.xcassets */ = {isa = PBXFileReference; lastKnownFileType = folder.assetcatalog; path = Assets.xcassets; sourceTree = "<group>"; };
		8CDFBF7A264372AF0073AA77 /* Info.plist */ = {isa = PBXFileReference; lastKnownFileType = text.plist.xml; path = Info.plist; sourceTree = "<group>"; };
		8CEE4B1026004337005716DC /* DataPersistence.swift */ = {isa = PBXFileReference; lastKnownFileType = sourcecode.swift; path = DataPersistence.swift; sourceTree = "<group>"; };
/* End PBXFileReference section */

/* Begin PBXFrameworksBuildPhase section */
		8CCDD26F25BC9DEB00B111B5 /* Frameworks */ = {
			isa = PBXFrameworksBuildPhase;
			buildActionMask = 2147483647;
			files = (
			);
			runOnlyForDeploymentPostprocessing = 0;
		};
		8CDFBF6B264372AF0073AA77 /* Frameworks */ = {
			isa = PBXFrameworksBuildPhase;
			buildActionMask = 2147483647;
			files = (
				8CDFBF73264372AF0073AA77 /* SwiftUI.framework in Frameworks */,
				8CDFBF71264372AF0073AA77 /* WidgetKit.framework in Frameworks */,
			);
			runOnlyForDeploymentPostprocessing = 0;
		};
/* End PBXFrameworksBuildPhase section */

/* Begin PBXGroup section */
		8C59DC7827EABA0B00D491BD /* Modules */ = {
			isa = PBXGroup;
			children = (
				8C59DC7A27EABA4200D491BD /* Movies */,
				8C59DC7927EABA2D00D491BD /* Search */,
			);
			path = Modules;
			sourceTree = "<group>";
		};
		8C59DC7927EABA2D00D491BD /* Search */ = {
			isa = PBXGroup;
			children = (
				8CCDD27925BC9DEB00B111B5 /* SearchViewController.swift */,
				8C7346DE25BF09F400878737 /* GenresCollectionViewCell.swift */,
			);
			path = Search;
			sourceTree = "<group>";
		};
		8C59DC7A27EABA4200D491BD /* Movies */ = {
			isa = PBXGroup;
			children = (
				8C73470525C0BC5900878737 /* MovieListViewController.swift */,
				8C73470C25C0C6A400878737 /* MovieListTableViewCell.swift */,
			);
			path = Movies;
			sourceTree = "<group>";
		};
		8C7346EF25BF565A00878737 /* Genres */ = {
			isa = PBXGroup;
			children = (
				8C7346F025BF568000878737 /* GetGenresRequest.swift */,
				8C7346F625BF593000878737 /* GetGenresService.swift */,
			);
			path = Genres;
			sourceTree = "<group>";
		};
		8C7346FA25BFCA9D00878737 /* Movies Search */ = {
			isa = PBXGroup;
			children = (
				8C7346FB25BFCAC700878737 /* GetMoviesRequest.swift */,
				8C7346FF25BFCDB600878737 /* GetMoviesService.swift */,
				8C73470225BFCE3F00878737 /* MoviesSearchResponse.swift */,
			);
			path = "Movies Search";
			sourceTree = "<group>";
		};
		8C831C1125BE349800C591BB /* Network */ = {
			isa = PBXGroup;
			children = (
				8C7346FA25BFCA9D00878737 /* Movies Search */,
				8C7346EF25BF565A00878737 /* Genres */,
				8C7346E325BF555400878737 /* Network.swift */,
				8C7346E625BF556D00878737 /* Request.swift */,
				8C7346E925BF558B00878737 /* Response.swift */,
				8C7346EC25BF55AC00878737 /* Remote.swift */,
			);
			path = Network;
			sourceTree = "<group>";
		};
		8C831C1925BE5BB900C591BB /* Helper */ = {
			isa = PBXGroup;
			children = (
				8C831C1625BE5BB400C591BB /* UIHelpers.swift */,
				8C831C1225BE4B6400C591BB /* ViewCode.swift */,
				8C7346DB25BF05EE00878737 /* Constants.swift */,
				8CEE4B1026004337005716DC /* DataPersistence.swift */,
				8C796EAA278E56BF00E7E372 /* WidgetCommunication.swift */,
			);
			path = Helper;
			sourceTree = "<group>";
		};
		8CCDD26925BC9DEB00B111B5 = {
			isa = PBXGroup;
			children = (
				8CC31277278E4E5E00D88BC2 /* MoviesModel.xcdatamodeld */,
				8CB6CF7A278643FC00058C51 /* MoviesWidgetExtension.entitlements */,
				8CCDD27425BC9DEB00B111B5 /* Movies */,
				8CDFBF74264372AF0073AA77 /* MoviesWidget */,
				8CDFBF6F264372AF0073AA77 /* Frameworks */,
				8CCDD27325BC9DEB00B111B5 /* Products */,
			);
			sourceTree = "<group>";
		};
		8CCDD27325BC9DEB00B111B5 /* Products */ = {
			isa = PBXGroup;
			children = (
				8CCDD27225BC9DEB00B111B5 /* Movies.app */,
				8CDFBF6E264372AF0073AA77 /* MoviesWidgetExtension.appex */,
			);
			name = Products;
			sourceTree = "<group>";
		};
		8CCDD27425BC9DEB00B111B5 /* Movies */ = {
			isa = PBXGroup;
			children = (
				8C59DC7827EABA0B00D491BD /* Modules */,
				8CB6CF792786437F00058C51 /* Movies.entitlements */,
				8C831C1125BE349800C591BB /* Network */,
				8C831C1925BE5BB900C591BB /* Helper */,
				8CCDD27525BC9DEB00B111B5 /* AppDelegate.swift */,
				8C6F556625F857DF00ED970B /* Info.plist */,
				8CCDD27E25BC9DED00B111B5 /* Assets.xcassets */,
				8CCDD28025BC9DED00B111B5 /* LaunchScreen.storyboard */,
			);
			name = Movies;
			sourceTree = "<group>";
		};
		8CDFBF6F264372AF0073AA77 /* Frameworks */ = {
			isa = PBXGroup;
			children = (
				8CDFBF70264372AF0073AA77 /* WidgetKit.framework */,
				8CDFBF72264372AF0073AA77 /* SwiftUI.framework */,
			);
			name = Frameworks;
			sourceTree = "<group>";
		};
		8CDFBF74264372AF0073AA77 /* MoviesWidget */ = {
			isa = PBXGroup;
			children = (
				8CDFBF75264372AF0073AA77 /* MoviesWidget.swift */,
				8CDFBF77264372AF0073AA77 /* MoviesWidget.intentdefinition */,
				8CDFBF78264372AF0073AA77 /* Assets.xcassets */,
				8CDFBF7A264372AF0073AA77 /* Info.plist */,
			);
			path = MoviesWidget;
			sourceTree = "<group>";
		};
/* End PBXGroup section */

/* Begin PBXNativeTarget section */
		8CCDD27125BC9DEB00B111B5 /* Movies */ = {
			isa = PBXNativeTarget;
			buildConfigurationList = 8CCDD28625BC9DED00B111B5 /* Build configuration list for PBXNativeTarget "Movies" */;
			buildPhases = (
				8CCDD26E25BC9DEB00B111B5 /* Sources */,
				8CCDD26F25BC9DEB00B111B5 /* Frameworks */,
				8CCDD27025BC9DEB00B111B5 /* Resources */,
				8CDFBF80264372AF0073AA77 /* Embed App Extensions */,
			);
			buildRules = (
			);
			dependencies = (
				8CDFBF7E264372AF0073AA77 /* PBXTargetDependency */,
			);
			name = Movies;
			productName = Movies;
			productReference = 8CCDD27225BC9DEB00B111B5 /* Movies.app */;
			productType = "com.apple.product-type.application";
		};
		8CDFBF6D264372AF0073AA77 /* MoviesWidgetExtension */ = {
			isa = PBXNativeTarget;
			buildConfigurationList = 8CDFBF83264372AF0073AA77 /* Build configuration list for PBXNativeTarget "MoviesWidgetExtension" */;
			buildPhases = (
				8CDFBF6A264372AF0073AA77 /* Sources */,
				8CDFBF6B264372AF0073AA77 /* Frameworks */,
				8CDFBF6C264372AF0073AA77 /* Resources */,
			);
			buildRules = (
			);
			dependencies = (
			);
			name = MoviesWidgetExtension;
			productName = MoviesWidgetExtension;
			productReference = 8CDFBF6E264372AF0073AA77 /* MoviesWidgetExtension.appex */;
			productType = "com.apple.product-type.app-extension";
		};
/* End PBXNativeTarget section */

/* Begin PBXProject section */
		8CCDD26A25BC9DEB00B111B5 /* Project object */ = {
			isa = PBXProject;
			attributes = {
				LastSwiftUpdateCheck = 1230;
				LastUpgradeCheck = 1230;
				TargetAttributes = {
					8CCDD27125BC9DEB00B111B5 = {
						CreatedOnToolsVersion = 12.3;
					};
					8CDFBF6D264372AF0073AA77 = {
						CreatedOnToolsVersion = 12.3;
					};
				};
			};
			buildConfigurationList = 8CCDD26D25BC9DEB00B111B5 /* Build configuration list for PBXProject "Movies" */;
			compatibilityVersion = "Xcode 9.3";
			developmentRegion = en;
			hasScannedForEncodings = 0;
			knownRegions = (
				en,
				Base,
			);
			mainGroup = 8CCDD26925BC9DEB00B111B5;
			productRefGroup = 8CCDD27325BC9DEB00B111B5 /* Products */;
			projectDirPath = "";
			projectRoot = "";
			targets = (
				8CCDD27125BC9DEB00B111B5 /* Movies */,
				8CDFBF6D264372AF0073AA77 /* MoviesWidgetExtension */,
			);
		};
/* End PBXProject section */

/* Begin PBXResourcesBuildPhase section */
		8CCDD27025BC9DEB00B111B5 /* Resources */ = {
			isa = PBXResourcesBuildPhase;
			buildActionMask = 2147483647;
			files = (
				8CCDD28225BC9DED00B111B5 /* LaunchScreen.storyboard in Resources */,
				8CCDD27F25BC9DED00B111B5 /* Assets.xcassets in Resources */,
			);
			runOnlyForDeploymentPostprocessing = 0;
		};
		8CDFBF6C264372AF0073AA77 /* Resources */ = {
			isa = PBXResourcesBuildPhase;
			buildActionMask = 2147483647;
			files = (
				8CDFBF79264372AF0073AA77 /* Assets.xcassets in Resources */,
			);
			runOnlyForDeploymentPostprocessing = 0;
		};
/* End PBXResourcesBuildPhase section */

/* Begin PBXSourcesBuildPhase section */
		8CCDD26E25BC9DEB00B111B5 /* Sources */ = {
			isa = PBXSourcesBuildPhase;
			buildActionMask = 2147483647;
			files = (
				8CC31279278E4E5E00D88BC2 /* MoviesModel.xcdatamodeld in Sources */,
				8C7346F725BF593000878737 /* GetGenresService.swift in Sources */,
				8C73470025BFCDB600878737 /* GetMoviesService.swift in Sources */,
				8C7346DC25BF05EE00878737 /* Constants.swift in Sources */,
				8C73470625C0BC5900878737 /* MovieListViewController.swift in Sources */,
				8C7346ED25BF55AC00878737 /* Remote.swift in Sources */,
				8C7346E725BF556D00878737 /* Request.swift in Sources */,
				8C7346FC25BFCAC700878737 /* GetMoviesRequest.swift in Sources */,
				8C73470D25C0C6A400878737 /* MovieListTableViewCell.swift in Sources */,
				8CCDD27A25BC9DEB00B111B5 /* SearchViewController.swift in Sources */,
				8CEE4B1126004337005716DC /* DataPersistence.swift in Sources */,
				8C831C1325BE4B6400C591BB /* ViewCode.swift in Sources */,
				8C73470325BFCE3F00878737 /* MoviesSearchResponse.swift in Sources */,
				8C7346EA25BF558B00878737 /* Response.swift in Sources */,
				8C831C1725BE5BB400C591BB /* UIHelpers.swift in Sources */,
				8C7346DF25BF09F400878737 /* GenresCollectionViewCell.swift in Sources */,
				8C7346F125BF568000878737 /* GetGenresRequest.swift in Sources */,
				8C7346E425BF555400878737 /* Network.swift in Sources */,
				8CDFBF7C264372AF0073AA77 /* MoviesWidget.intentdefinition in Sources */,
				8CCDD27625BC9DEB00B111B5 /* AppDelegate.swift in Sources */,
				8C796EAB278E56BF00E7E372 /* WidgetCommunication.swift in Sources */,
			);
			runOnlyForDeploymentPostprocessing = 0;
		};
		8CDFBF6A264372AF0073AA77 /* Sources */ = {
			isa = PBXSourcesBuildPhase;
			buildActionMask = 2147483647;
			files = (
				8CC3127A278E4E5E00D88BC2 /* MoviesModel.xcdatamodeld in Sources */,
				8C796EAC278E56BF00E7E372 /* WidgetCommunication.swift in Sources */,
				8CDFBF76264372AF0073AA77 /* MoviesWidget.swift in Sources */,
				8CDFBF7B264372AF0073AA77 /* MoviesWidget.intentdefinition in Sources */,
			);
			runOnlyForDeploymentPostprocessing = 0;
		};
/* End PBXSourcesBuildPhase section */

/* Begin PBXTargetDependency section */
		8CDFBF7E264372AF0073AA77 /* PBXTargetDependency */ = {
			isa = PBXTargetDependency;
			target = 8CDFBF6D264372AF0073AA77 /* MoviesWidgetExtension */;
			targetProxy = 8CDFBF7D264372AF0073AA77 /* PBXContainerItemProxy */;
		};
/* End PBXTargetDependency section */

/* Begin PBXVariantGroup section */
		8CCDD28025BC9DED00B111B5 /* LaunchScreen.storyboard */ = {
			isa = PBXVariantGroup;
			children = (
				8CCDD28125BC9DED00B111B5 /* Base */,
			);
			name = LaunchScreen.storyboard;
			sourceTree = "<group>";
		};
/* End PBXVariantGroup section */

/* Begin XCBuildConfiguration section */
		8CCDD28425BC9DED00B111B5 /* Debug */ = {
			isa = XCBuildConfiguration;
			buildSettings = {
				ALWAYS_SEARCH_USER_PATHS = NO;
				CLANG_ANALYZER_NONNULL = YES;
				CLANG_ANALYZER_NUMBER_OBJECT_CONVERSION = YES_AGGRESSIVE;
				CLANG_CXX_LANGUAGE_STANDARD = "gnu++14";
				CLANG_CXX_LIBRARY = "libc++";
				CLANG_ENABLE_MODULES = YES;
				CLANG_ENABLE_OBJC_ARC = YES;
				CLANG_ENABLE_OBJC_WEAK = YES;
				CLANG_WARN_BLOCK_CAPTURE_AUTORELEASING = YES;
				CLANG_WARN_BOOL_CONVERSION = YES;
				CLANG_WARN_COMMA = YES;
				CLANG_WARN_CONSTANT_CONVERSION = YES;
				CLANG_WARN_DEPRECATED_OBJC_IMPLEMENTATIONS = YES;
				CLANG_WARN_DIRECT_OBJC_ISA_USAGE = YES_ERROR;
				CLANG_WARN_DOCUMENTATION_COMMENTS = YES;
				CLANG_WARN_EMPTY_BODY = YES;
				CLANG_WARN_ENUM_CONVERSION = YES;
				CLANG_WARN_INFINITE_RECURSION = YES;
				CLANG_WARN_INT_CONVERSION = YES;
				CLANG_WARN_NON_LITERAL_NULL_CONVERSION = YES;
				CLANG_WARN_OBJC_IMPLICIT_RETAIN_SELF = YES;
				CLANG_WARN_OBJC_LITERAL_CONVERSION = YES;
				CLANG_WARN_OBJC_ROOT_CLASS = YES_ERROR;
				CLANG_WARN_QUOTED_INCLUDE_IN_FRAMEWORK_HEADER = YES;
				CLANG_WARN_RANGE_LOOP_ANALYSIS = YES;
				CLANG_WARN_STRICT_PROTOTYPES = YES;
				CLANG_WARN_SUSPICIOUS_MOVE = YES;
				CLANG_WARN_UNGUARDED_AVAILABILITY = YES_AGGRESSIVE;
				CLANG_WARN_UNREACHABLE_CODE = YES;
				CLANG_WARN__DUPLICATE_METHOD_MATCH = YES;
				COPY_PHASE_STRIP = NO;
				DEBUG_INFORMATION_FORMAT = dwarf;
				ENABLE_STRICT_OBJC_MSGSEND = YES;
				ENABLE_TESTABILITY = YES;
				GCC_C_LANGUAGE_STANDARD = gnu11;
				GCC_DYNAMIC_NO_PIC = NO;
				GCC_NO_COMMON_BLOCKS = YES;
				GCC_OPTIMIZATION_LEVEL = 0;
				GCC_PREPROCESSOR_DEFINITIONS = (
					"DEBUG=1",
					"$(inherited)",
				);
				GCC_WARN_64_TO_32_BIT_CONVERSION = YES;
				GCC_WARN_ABOUT_RETURN_TYPE = YES_ERROR;
				GCC_WARN_UNDECLARED_SELECTOR = YES;
				GCC_WARN_UNINITIALIZED_AUTOS = YES_AGGRESSIVE;
				GCC_WARN_UNUSED_FUNCTION = YES;
				GCC_WARN_UNUSED_VARIABLE = YES;
				"INFOPLIST_FILE[sdk=*]" = Movies/Info.plist;
				IPHONEOS_DEPLOYMENT_TARGET = 14.0;
				MTL_ENABLE_DEBUG_INFO = INCLUDE_SOURCE;
				MTL_FAST_MATH = YES;
				ONLY_ACTIVE_ARCH = YES;
				SDKROOT = iphoneos;
				SWIFT_ACTIVE_COMPILATION_CONDITIONS = DEBUG;
				SWIFT_OPTIMIZATION_LEVEL = "-Onone";
			};
			name = Debug;
		};
		8CCDD28525BC9DED00B111B5 /* Release */ = {
			isa = XCBuildConfiguration;
			buildSettings = {
				ALWAYS_SEARCH_USER_PATHS = NO;
				CLANG_ANALYZER_NONNULL = YES;
				CLANG_ANALYZER_NUMBER_OBJECT_CONVERSION = YES_AGGRESSIVE;
				CLANG_CXX_LANGUAGE_STANDARD = "gnu++14";
				CLANG_CXX_LIBRARY = "libc++";
				CLANG_ENABLE_MODULES = YES;
				CLANG_ENABLE_OBJC_ARC = YES;
				CLANG_ENABLE_OBJC_WEAK = YES;
				CLANG_WARN_BLOCK_CAPTURE_AUTORELEASING = YES;
				CLANG_WARN_BOOL_CONVERSION = YES;
				CLANG_WARN_COMMA = YES;
				CLANG_WARN_CONSTANT_CONVERSION = YES;
				CLANG_WARN_DEPRECATED_OBJC_IMPLEMENTATIONS = YES;
				CLANG_WARN_DIRECT_OBJC_ISA_USAGE = YES_ERROR;
				CLANG_WARN_DOCUMENTATION_COMMENTS = YES;
				CLANG_WARN_EMPTY_BODY = YES;
				CLANG_WARN_ENUM_CONVERSION = YES;
				CLANG_WARN_INFINITE_RECURSION = YES;
				CLANG_WARN_INT_CONVERSION = YES;
				CLANG_WARN_NON_LITERAL_NULL_CONVERSION = YES;
				CLANG_WARN_OBJC_IMPLICIT_RETAIN_SELF = YES;
				CLANG_WARN_OBJC_LITERAL_CONVERSION = YES;
				CLANG_WARN_OBJC_ROOT_CLASS = YES_ERROR;
				CLANG_WARN_QUOTED_INCLUDE_IN_FRAMEWORK_HEADER = YES;
				CLANG_WARN_RANGE_LOOP_ANALYSIS = YES;
				CLANG_WARN_STRICT_PROTOTYPES = YES;
				CLANG_WARN_SUSPICIOUS_MOVE = YES;
				CLANG_WARN_UNGUARDED_AVAILABILITY = YES_AGGRESSIVE;
				CLANG_WARN_UNREACHABLE_CODE = YES;
				CLANG_WARN__DUPLICATE_METHOD_MATCH = YES;
				COPY_PHASE_STRIP = NO;
				DEBUG_INFORMATION_FORMAT = "dwarf-with-dsym";
				ENABLE_NS_ASSERTIONS = NO;
				ENABLE_STRICT_OBJC_MSGSEND = YES;
				GCC_C_LANGUAGE_STANDARD = gnu11;
				GCC_NO_COMMON_BLOCKS = YES;
				GCC_WARN_64_TO_32_BIT_CONVERSION = YES;
				GCC_WARN_ABOUT_RETURN_TYPE = YES_ERROR;
				GCC_WARN_UNDECLARED_SELECTOR = YES;
				GCC_WARN_UNINITIALIZED_AUTOS = YES_AGGRESSIVE;
				GCC_WARN_UNUSED_FUNCTION = YES;
				GCC_WARN_UNUSED_VARIABLE = YES;
				"INFOPLIST_FILE[sdk=*]" = Movies/Info.plist;
				IPHONEOS_DEPLOYMENT_TARGET = 14.0;
				MTL_ENABLE_DEBUG_INFO = NO;
				MTL_FAST_MATH = YES;
				SDKROOT = iphoneos;
				SWIFT_COMPILATION_MODE = wholemodule;
				SWIFT_OPTIMIZATION_LEVEL = "-O";
				VALIDATE_PRODUCT = YES;
			};
			name = Release;
		};
		8CCDD28725BC9DED00B111B5 /* Debug */ = {
			isa = XCBuildConfiguration;
			buildSettings = {
				ALWAYS_EMBED_SWIFT_STANDARD_LIBRARIES = YES;
				ASSETCATALOG_COMPILER_APPICON_NAME = AppIcon;
				ASSETCATALOG_COMPILER_GLOBAL_ACCENT_COLOR_NAME = AccentColor;
				CODE_SIGN_ENTITLEMENTS = Movies.entitlements;
				CODE_SIGN_IDENTITY = "Apple Development";
				CODE_SIGN_STYLE = Automatic;
				DEVELOPMENT_TEAM = DMTTQ9R8TW;
				INFOPLIST_FILE = "$(SRCROOT)/Info.plist";
				LD_RUNPATH_SEARCH_PATHS = (
					"$(inherited)",
					"@executable_path/Frameworks",
				);
				PRODUCT_BUNDLE_IDENTIFIER = "Lucas-Brandao.Movies";
				PRODUCT_NAME = "$(TARGET_NAME)";
				PROVISIONING_PROFILE_SPECIFIER = "";
				SWIFT_VERSION = 5.0;
				TARGETED_DEVICE_FAMILY = "1,2";
			};
			name = Debug;
		};
		8CCDD28825BC9DED00B111B5 /* Release */ = {
			isa = XCBuildConfiguration;
			buildSettings = {
				ALWAYS_EMBED_SWIFT_STANDARD_LIBRARIES = YES;
				ASSETCATALOG_COMPILER_APPICON_NAME = AppIcon;
				ASSETCATALOG_COMPILER_GLOBAL_ACCENT_COLOR_NAME = AccentColor;
				CODE_SIGN_ENTITLEMENTS = Movies.entitlements;
				CODE_SIGN_IDENTITY = "Apple Development";
				CODE_SIGN_STYLE = Automatic;
				DEVELOPMENT_TEAM = "";
				INFOPLIST_FILE = "$(SRCROOT)/Info.plist";
				"INFOPLIST_FILE[sdk=*]" = Info.plist;
				LD_RUNPATH_SEARCH_PATHS = (
					"$(inherited)",
					"@executable_path/Frameworks",
				);
				PRODUCT_BUNDLE_IDENTIFIER = "Lucas-Brandao.Movies";
				PRODUCT_NAME = "$(TARGET_NAME)";
				PROVISIONING_PROFILE_SPECIFIER = "";
				SWIFT_VERSION = 5.0;
				TARGETED_DEVICE_FAMILY = "1,2";
			};
			name = Release;
		};
		8CDFBF81264372AF0073AA77 /* Debug */ = {
			isa = XCBuildConfiguration;
			buildSettings = {
				ASSETCATALOG_COMPILER_GLOBAL_ACCENT_COLOR_NAME = AccentColor;
				ASSETCATALOG_COMPILER_WIDGET_BACKGROUND_COLOR_NAME = WidgetBackground;
				CODE_SIGN_ENTITLEMENTS = MoviesWidgetExtension.entitlements;
				CODE_SIGN_IDENTITY = "Apple Development";
				CODE_SIGN_STYLE = Automatic;
				DEVELOPMENT_TEAM = DMTTQ9R8TW;
				INFOPLIST_FILE = MoviesWidget/Info.plist;
				IPHONEOS_DEPLOYMENT_TARGET = 14.3;
				LD_RUNPATH_SEARCH_PATHS = (
					"$(inherited)",
					"@executable_path/Frameworks",
					"@executable_path/../../Frameworks",
				);
				PRODUCT_BUNDLE_IDENTIFIER = "Lucas-Brandao.Movies.MoviesWidget";
				PRODUCT_NAME = "$(TARGET_NAME)";
				PROVISIONING_PROFILE_SPECIFIER = "";
				SKIP_INSTALL = YES;
				SWIFT_VERSION = 5.0;
				TARGETED_DEVICE_FAMILY = "1,2";
			};
			name = Debug;
		};
		8CDFBF82264372AF0073AA77 /* Release */ = {
			isa = XCBuildConfiguration;
			buildSettings = {
				ASSETCATALOG_COMPILER_GLOBAL_ACCENT_COLOR_NAME = AccentColor;
				ASSETCATALOG_COMPILER_WIDGET_BACKGROUND_COLOR_NAME = WidgetBackground;
				CODE_SIGN_ENTITLEMENTS = MoviesWidgetExtension.entitlements;
				CODE_SIGN_IDENTITY = "Apple Development";
				CODE_SIGN_STYLE = Automatic;
				DEVELOPMENT_TEAM = "";
				INFOPLIST_FILE = MoviesWidget/Info.plist;
				IPHONEOS_DEPLOYMENT_TARGET = 14.3;
				LD_RUNPATH_SEARCH_PATHS = (
					"$(inherited)",
					"@executable_path/Frameworks",
					"@executable_path/../../Frameworks",
				);
				PRODUCT_BUNDLE_IDENTIFIER = "Lucas-Brandao.Movies.MoviesWidget";
				PRODUCT_NAME = "$(TARGET_NAME)";
				PROVISIONING_PROFILE_SPECIFIER = "";
				SKIP_INSTALL = YES;
				SWIFT_VERSION = 5.0;
				TARGETED_DEVICE_FAMILY = "1,2";
			};
			name = Release;
		};
/* End XCBuildConfiguration section */

/* Begin XCConfigurationList section */
		8CCDD26D25BC9DEB00B111B5 /* Build configuration list for PBXProject "Movies" */ = {
			isa = XCConfigurationList;
			buildConfigurations = (
				8CCDD28425BC9DED00B111B5 /* Debug */,
				8CCDD28525BC9DED00B111B5 /* Release */,
			);
			defaultConfigurationIsVisible = 0;
			defaultConfigurationName = Release;
		};
		8CCDD28625BC9DED00B111B5 /* Build configuration list for PBXNativeTarget "Movies" */ = {
			isa = XCConfigurationList;
			buildConfigurations = (
				8CCDD28725BC9DED00B111B5 /* Debug */,
				8CCDD28825BC9DED00B111B5 /* Release */,
			);
			defaultConfigurationIsVisible = 0;
			defaultConfigurationName = Release;
		};
		8CDFBF83264372AF0073AA77 /* Build configuration list for PBXNativeTarget "MoviesWidgetExtension" */ = {
			isa = XCConfigurationList;
			buildConfigurations = (
				8CDFBF81264372AF0073AA77 /* Debug */,
				8CDFBF82264372AF0073AA77 /* Release */,
			);
			defaultConfigurationIsVisible = 0;
			defaultConfigurationName = Release;
		};
/* End XCConfigurationList section */

/* Begin XCVersionGroup section */
		8CC31277278E4E5E00D88BC2 /* MoviesModel.xcdatamodeld */ = {
			isa = XCVersionGroup;
			children = (
				8CC31278278E4E5E00D88BC2 /* MoviesModel.xcdatamodel */,
			);
			currentVersion = 8CC31278278E4E5E00D88BC2 /* MoviesModel.xcdatamodel */;
			path = MoviesModel.xcdatamodeld;
			sourceTree = "<group>";
			versionGroupType = wrapper.xcdatamodel;
		};
/* End XCVersionGroup section */
	};
	rootObject = 8CCDD26A25BC9DEB00B111B5 /* Project object */;
}
